
Microsoft Visual Studio Solution File, Format Version 12.00
# Visual Studio 2012
Project("{FAE04EC0-301F-11D3-BF4B-00C04F79EFBC}") = "Matura_zadatak_A1", "Matura_zadatak_A1\Matura_zadatak_A1.csproj", "{A19D245F-55EB-4484-ABC1-BB29E344EC1A}"
EndProject
Global
	GlobalSection(SolutionConfigurationPlatforms) = preSolution
		Debug|Any CPU = Debug|Any CPU
		Release|Any CPU = Release|Any CPU
	EndGlobalSection
	GlobalSection(ProjectConfigurationPlatforms) = postSolution
		{A19D245F-55EB-4484-ABC1-BB29E344EC1A}.Debug|Any CPU.ActiveCfg = Debug|Any CPU
		{A19D245F-55EB-4484-ABC1-BB29E344EC1A}.Debug|Any CPU.Build.0 = Debug|Any CPU
		{A19D245F-55EB-4484-ABC1-BB29E344EC1A}.Release|Any CPU.ActiveCfg = Release|Any CPU
		{A19D245F-55EB-4484-ABC1-BB29E344EC1A}.Release|Any CPU.Build.0 = Release|Any CPU
	EndGlobalSection
	GlobalSection(SolutionProperties) = preSolution
		HideSolutionNode = FALSE
	EndGlobalSection
EndGlobal
