
Microsoft Visual Studio Solution File, Format Version 12.00
# Visual Studio 2012
Project("{FAE04EC0-301F-11D3-BF4B-00C04F79EFBC}") = "Matura_Zadatak_A3", "Matura_Zadatak_A3\Matura_Zadatak_A3.csproj", "{F85A7971-B42A-4F3E-B6A7-5AE5F78F6FCD}"
EndProject
Global
	GlobalSection(SolutionConfigurationPlatforms) = preSolution
		Debug|Any CPU = Debug|Any CPU
		Release|Any CPU = Release|Any CPU
	EndGlobalSection
	GlobalSection(ProjectConfigurationPlatforms) = postSolution
		{F85A7971-B42A-4F3E-B6A7-5AE5F78F6FCD}.Debug|Any CPU.ActiveCfg = Debug|Any CPU
		{F85A7971-B42A-4F3E-B6A7-5AE5F78F6FCD}.Debug|Any CPU.Build.0 = Debug|Any CPU
		{F85A7971-B42A-4F3E-B6A7-5AE5F78F6FCD}.Release|Any CPU.ActiveCfg = Release|Any CPU
		{F85A7971-B42A-4F3E-B6A7-5AE5F78F6FCD}.Release|Any CPU.Build.0 = Release|Any CPU
	EndGlobalSection
	GlobalSection(SolutionProperties) = preSolution
		HideSolutionNode = FALSE
	EndGlobalSection
EndGlobal
