
Microsoft Visual Studio Solution File, Format Version 12.00
# Visual Studio 2012
Project("{FAE04EC0-301F-11D3-BF4B-00C04F79EFBC}") = "Matura_Zadatak_A14", "Matura_Zadatak_A14\Matura_Zadatak_A14.csproj", "{7B82CFD0-2BFB-48DF-998A-B32815D42C8F}"
EndProject
Global
	GlobalSection(SolutionConfigurationPlatforms) = preSolution
		Debug|Any CPU = Debug|Any CPU
		Release|Any CPU = Release|Any CPU
	EndGlobalSection
	GlobalSection(ProjectConfigurationPlatforms) = postSolution
		{7B82CFD0-2BFB-48DF-998A-B32815D42C8F}.Debug|Any CPU.ActiveCfg = Debug|Any CPU
		{7B82CFD0-2BFB-48DF-998A-B32815D42C8F}.Debug|Any CPU.Build.0 = Debug|Any CPU
		{7B82CFD0-2BFB-48DF-998A-B32815D42C8F}.Release|Any CPU.ActiveCfg = Release|Any CPU
		{7B82CFD0-2BFB-48DF-998A-B32815D42C8F}.Release|Any CPU.Build.0 = Release|Any CPU
	EndGlobalSection
	GlobalSection(SolutionProperties) = preSolution
		HideSolutionNode = FALSE
	EndGlobalSection
EndGlobal
