
Microsoft Visual Studio Solution File, Format Version 12.00
# Visual Studio 2012
Project("{FAE04EC0-301F-11D3-BF4B-00C04F79EFBC}") = "Matura_Zadatak_A23", "Matura_Zadatak_A23\Matura_Zadatak_A23.csproj", "{BAE15BAF-61BD-4B04-9203-0B26FEE47054}"
EndProject
Global
	GlobalSection(SolutionConfigurationPlatforms) = preSolution
		Debug|Any CPU = Debug|Any CPU
		Release|Any CPU = Release|Any CPU
	EndGlobalSection
	GlobalSection(ProjectConfigurationPlatforms) = postSolution
		{BAE15BAF-61BD-4B04-9203-0B26FEE47054}.Debug|Any CPU.ActiveCfg = Debug|Any CPU
		{BAE15BAF-61BD-4B04-9203-0B26FEE47054}.Debug|Any CPU.Build.0 = Debug|Any CPU
		{BAE15BAF-61BD-4B04-9203-0B26FEE47054}.Release|Any CPU.ActiveCfg = Release|Any CPU
		{BAE15BAF-61BD-4B04-9203-0B26FEE47054}.Release|Any CPU.Build.0 = Release|Any CPU
	EndGlobalSection
	GlobalSection(SolutionProperties) = preSolution
		HideSolutionNode = FALSE
	EndGlobalSection
EndGlobal
