
Microsoft Visual Studio Solution File, Format Version 12.00
# Visual Studio 2012
Project("{FAE04EC0-301F-11D3-BF4B-00C04F79EFBC}") = "Matura_Zadatak_A21", "Matura_Zadatak_A21\Matura_Zadatak_A21.csproj", "{B4631141-31F3-4E98-9386-83A3EC1435FC}"
EndProject
Global
	GlobalSection(SolutionConfigurationPlatforms) = preSolution
		Debug|Any CPU = Debug|Any CPU
		Release|Any CPU = Release|Any CPU
	EndGlobalSection
	GlobalSection(ProjectConfigurationPlatforms) = postSolution
		{B4631141-31F3-4E98-9386-83A3EC1435FC}.Debug|Any CPU.ActiveCfg = Debug|Any CPU
		{B4631141-31F3-4E98-9386-83A3EC1435FC}.Debug|Any CPU.Build.0 = Debug|Any CPU
		{B4631141-31F3-4E98-9386-83A3EC1435FC}.Release|Any CPU.ActiveCfg = Release|Any CPU
		{B4631141-31F3-4E98-9386-83A3EC1435FC}.Release|Any CPU.Build.0 = Release|Any CPU
	EndGlobalSection
	GlobalSection(SolutionProperties) = preSolution
		HideSolutionNode = FALSE
	EndGlobalSection
EndGlobal
